
Microsoft Visual Studio Solution File, Format Version 11.00
# Visual Studio 2010
Project("{FAE04EC0-301F-11D3-BF4B-00C04F79EFBC}") = "Unity.Timeline", "Unity.Timeline.csproj", "{89ec9634-4deb-ebf1-b244-75868bf4af67}"
EndProject
Project("{FAE04EC0-301F-11D3-BF4B-00C04F79EFBC}") = "Unity.Timeline.Editor", "Unity.Timeline.Editor.csproj", "{1565ac02-f7fb-8c85-b533-df865d1ab22c}"
EndProject
Project("{FAE04EC0-301F-11D3-BF4B-00C04F79EFBC}") = "Unity.TextMeshPro.Editor", "Unity.TextMeshPro.Editor.csproj", "{89b9f7d9-2759-86d3-bb93-bf34f6d89e0d}"
EndProject
Project("{FAE04EC0-301F-11D3-BF4B-00C04F79EFBC}") = "Unity.VisualScripting.Flow", "Unity.VisualScripting.Flow.csproj", "{d724f481-c1cb-aa6d-8573-0d4205c403df}"
EndProject
Project("{FAE04EC0-301F-11D3-BF4B-00C04F79EFBC}") = "UnityEditor.UI", "UnityEditor.UI.csproj", "{82194bf8-53b2-a4c6-5926-23820cd164d7}"
EndProject
Project("{FAE04EC0-301F-11D3-BF4B-00C04F79EFBC}") = "Unity.PlasticSCM.Editor", "Unity.PlasticSCM.Editor.csproj", "{8e0604ef-f06e-34fc-df7b-2e1ec432f310}"
EndProject
Project("{FAE04EC0-301F-11D3-BF4B-00C04F79EFBC}") = "Unity.VisualScripting.Core", "Unity.VisualScripting.Core.csproj", "{05fbf8e6-923a-b7b0-08c9-b1bc6f618343}"
EndProject
Project("{FAE04EC0-301F-11D3-BF4B-00C04F79EFBC}") = "Unity.VisualScripting.Core.Editor", "Unity.VisualScripting.Core.Editor.csproj", "{9a561bc8-94b2-d2ba-73af-cc7fa721d18e}"
EndProject
Project("{FAE04EC0-301F-11D3-BF4B-00C04F79EFBC}") = "Unity.VisualScripting.Flow.Editor", "Unity.VisualScripting.Flow.Editor.csproj", "{7f592069-cbde-473e-308e-1432d10f3ed2}"
EndProject
Project("{FAE04EC0-301F-11D3-BF4B-00C04F79EFBC}") = "UnityEditor.TestRunner", "UnityEditor.TestRunner.csproj", "{d286e63f-b916-6cc2-94d5-2e86a38bfeac}"
EndProject
Project("{FAE04EC0-301F-11D3-BF4B-00C04F79EFBC}") = "Unity.VisualScripting.SettingsProvider.Editor", "Unity.VisualScripting.SettingsProvider.Editor.csproj", "{67e87b0b-039e-d128-19c1-d15498dccc02}"
EndProject
Project("{FAE04EC0-301F-11D3-BF4B-00C04F79EFBC}") = "UnityEngine.TestRunner", "UnityEngine.TestRunner.csproj", "{96cd8de7-2cee-9654-ea02-aa866e7a0e16}"
EndProject
Project("{FAE04EC0-301F-11D3-BF4B-00C04F79EFBC}") = "UnityEngine.UI", "UnityEngine.UI.csproj", "{b3233339-3fd7-b690-356a-510926ebe7d0}"
EndProject
Project("{FAE04EC0-301F-11D3-BF4B-00C04F79EFBC}") = "Unity.VisualStudio.Editor", "Unity.VisualStudio.Editor.csproj", "{815736b0-9bbf-9a69-861f-1412f072152e}"
EndProject
Project("{FAE04EC0-301F-11D3-BF4B-00C04F79EFBC}") = "Unity.TestTools.CodeCoverage.Editor.OpenCover.Model", "Unity.TestTools.CodeCoverage.Editor.OpenCover.Model.csproj", "{4500cfa8-459f-b762-515d-6ec462b6cba6}"
EndProject
Project("{FAE04EC0-301F-11D3-BF4B-00C04F79EFBC}") = "Unity.Rider.Editor", "Unity.Rider.Editor.csproj", "{573a35ee-fbfb-906f-146d-708fb0571431}"
EndProject
Project("{FAE04EC0-301F-11D3-BF4B-00C04F79EFBC}") = "Unity.VisualScripting.State.Editor", "Unity.VisualScripting.State.Editor.csproj", "{ff76968f-1a4b-c954-3817-dcd0f2a9f04b}"
EndProject
Project("{FAE04EC0-301F-11D3-BF4B-00C04F79EFBC}") = "Unity.TestTools.CodeCoverage.Editor", "Unity.TestTools.CodeCoverage.Editor.csproj", "{884fffb5-e368-42b9-918a-39acc6cdb422}"
EndProject
Project("{FAE04EC0-301F-11D3-BF4B-00C04F79EFBC}") = "Unity.VisualScripting.State", "Unity.VisualScripting.State.csproj", "{ef896b2b-1177-d9fb-e111-98431e793c34}"
EndProject
Project("{FAE04EC0-301F-11D3-BF4B-00C04F79EFBC}") = "Unity.TextMeshPro", "Unity.TextMeshPro.csproj", "{e58b62f3-2b6b-8c8f-74e5-431a1b86ce41}"
EndProject
Project("{FAE04EC0-301F-11D3-BF4B-00C04F79EFBC}") = "Unity.Performance.Profile-Analyzer.Editor", "Unity.Performance.Profile-Analyzer.Editor.csproj", "{31d58412-0676-5b75-3671-a05345e93f1f}"
EndProject
Project("{FAE04EC0-301F-11D3-BF4B-00C04F79EFBC}") = "Unity.VSCode.Editor", "Unity.VSCode.Editor.csproj", "{6432e255-a220-140a-6a71-57b635c0e27a}"
EndProject
Project("{FAE04EC0-301F-11D3-BF4B-00C04F79EFBC}") = "Unity.TestTools.CodeCoverage.Editor.OpenCover.Mono.Reflection", "Unity.TestTools.CodeCoverage.Editor.OpenCover.Mono.Reflection.csproj", "{621f3ca4-a8ad-20a2-f138-10fd5fcd245b}"
EndProject
Project("{FAE04EC0-301F-11D3-BF4B-00C04F79EFBC}") = "Unity.Settings.Editor", "Unity.Settings.Editor.csproj", "{edcaef4f-6215-5557-d717-c1d2813e4a89}"
EndProject
Project("{FAE04EC0-301F-11D3-BF4B-00C04F79EFBC}") = "Unity.EditorCoroutines.Editor", "Unity.EditorCoroutines.Editor.csproj", "{241894f2-0454-2a92-be9c-88c9e66e4540}"
EndProject
Project("{FAE04EC0-301F-11D3-BF4B-00C04F79EFBC}") = "Assembly-CSharp", "Assembly-CSharp.csproj", "{3ac4963a-fecd-faba-1392-56663bf49802}"
EndProject
Project("{FAE04EC0-301F-11D3-BF4B-00C04F79EFBC}") = "Assembly-CSharp-Editor", "Assembly-CSharp-Editor.csproj", "{c3804df0-af93-02a7-80f1-00c7e83cba9d}"
EndProject
Project("{FAE04EC0-301F-11D3-BF4B-00C04F79EFBC}") = "Unity.VisualScripting.Shared.Editor", "Unity.VisualScripting.Shared.Editor.csproj", "{189862e0-2f29-be8a-78f0-3f9441f92834}"
EndProject
Project("{FAE04EC0-301F-11D3-BF4B-00C04F79EFBC}") = "Unity.CollabProxy.Editor", "Unity.CollabProxy.Editor.csproj", "{0159c379-87e1-b456-fbb3-e840b61ef14b}"
EndProject
Project("{FAE04EC0-301F-11D3-BF4B-00C04F79EFBC}") = "UnityEngine.UI.Tests", "UnityEngine.UI.Tests.csproj", "{96539b8e-f83f-ec10-6a74-f47d6b6c59b3}"
EndProject
Project("{FAE04EC0-301F-11D3-BF4B-00C04F79EFBC}") = "UnityEditor.UI.EditorTests", "UnityEditor.UI.EditorTests.csproj", "{3ae023c8-9e05-2388-36c0-5f7ddafae4bc}"
EndProject
Project("{FAE04EC0-301F-11D3-BF4B-00C04F79EFBC}") = "Unity.TextMeshPro.Tests", "Unity.TextMeshPro.Tests.csproj", "{e232939c-3370-120e-b7c2-59b21c38e0c5}"
EndProject
Project("{FAE04EC0-301F-11D3-BF4B-00C04F79EFBC}") = "DocCodeExamples", "DocCodeExamples.csproj", "{77406017-123d-d433-5f70-3d26355507b5}"
EndProject
Project("{FAE04EC0-301F-11D3-BF4B-00C04F79EFBC}") = "Unity.TestTools.CodeCoverage.Editor.Compatibility", "Unity.TestTools.CodeCoverage.Editor.Compatibility.csproj", "{b9b6ad1e-55fa-844e-1aa7-baf4c61041c2}"
EndProject
Project("{FAE04EC0-301F-11D3-BF4B-00C04F79EFBC}") = "Unity.TextMeshPro.Editor.Tests", "Unity.TextMeshPro.Editor.Tests.csproj", "{8967cc39-a627-ec15-cf7e-b987a8767790}"
EndProject
Project("{FAE04EC0-301F-11D3-BF4B-00C04F79EFBC}") = "Unity.Settings.Tests", "Unity.Settings.Tests.csproj", "{b05d64cf-7399-421b-6066-0637dbfa1627}"
EndProject
Project("{FAE04EC0-301F-11D3-BF4B-00C04F79EFBC}") = "Unity.Performance.Profile-Analyzer.EditorTests", "Unity.Performance.Profile-Analyzer.EditorTests.csproj", "{8fe9eb7c-c1db-180e-7af4-cecae43a513a}"
EndProject
Global
	GlobalSection(SolutionConfigurationPlatforms) = preSolution
		Debug|Any CPU = Debug|Any CPU
	EndGlobalSection
	GlobalSection(ProjectConfigurationPlatforms) = postSolution
		{89ec9634-4deb-ebf1-b244-75868bf4af67}.Debug|Any CPU.ActiveCfg = Debug|Any CPU
		{89ec9634-4deb-ebf1-b244-75868bf4af67}.Debug|Any CPU.Build.0 = Debug|Any CPU
		{1565ac02-f7fb-8c85-b533-df865d1ab22c}.Debug|Any CPU.ActiveCfg = Debug|Any CPU
		{1565ac02-f7fb-8c85-b533-df865d1ab22c}.Debug|Any CPU.Build.0 = Debug|Any CPU
		{89b9f7d9-2759-86d3-bb93-bf34f6d89e0d}.Debug|Any CPU.ActiveCfg = Debug|Any CPU
		{89b9f7d9-2759-86d3-bb93-bf34f6d89e0d}.Debug|Any CPU.Build.0 = Debug|Any CPU
		{d724f481-c1cb-aa6d-8573-0d4205c403df}.Debug|Any CPU.ActiveCfg = Debug|Any CPU
		{d724f481-c1cb-aa6d-8573-0d4205c403df}.Debug|Any CPU.Build.0 = Debug|Any CPU
		{82194bf8-53b2-a4c6-5926-23820cd164d7}.Debug|Any CPU.ActiveCfg = Debug|Any CPU
		{82194bf8-53b2-a4c6-5926-23820cd164d7}.Debug|Any CPU.Build.0 = Debug|Any CPU
		{8e0604ef-f06e-34fc-df7b-2e1ec432f310}.Debug|Any CPU.ActiveCfg = Debug|Any CPU
		{8e0604ef-f06e-34fc-df7b-2e1ec432f310}.Debug|Any CPU.Build.0 = Debug|Any CPU
		{05fbf8e6-923a-b7b0-08c9-b1bc6f618343}.Debug|Any CPU.ActiveCfg = Debug|Any CPU
		{05fbf8e6-923a-b7b0-08c9-b1bc6f618343}.Debug|Any CPU.Build.0 = Debug|Any CPU
		{9a561bc8-94b2-d2ba-73af-cc7fa721d18e}.Debug|Any CPU.ActiveCfg = Debug|Any CPU
		{9a561bc8-94b2-d2ba-73af-cc7fa721d18e}.Debug|Any CPU.Build.0 = Debug|Any CPU
		{7f592069-cbde-473e-308e-1432d10f3ed2}.Debug|Any CPU.ActiveCfg = Debug|Any CPU
		{7f592069-cbde-473e-308e-1432d10f3ed2}.Debug|Any CPU.Build.0 = Debug|Any CPU
		{d286e63f-b916-6cc2-94d5-2e86a38bfeac}.Debug|Any CPU.ActiveCfg = Debug|Any CPU
		{d286e63f-b916-6cc2-94d5-2e86a38bfeac}.Debug|Any CPU.Build.0 = Debug|Any CPU
		{67e87b0b-039e-d128-19c1-d15498dccc02}.Debug|Any CPU.ActiveCfg = Debug|Any CPU
		{67e87b0b-039e-d128-19c1-d15498dccc02}.Debug|Any CPU.Build.0 = Debug|Any CPU
		{96cd8de7-2cee-9654-ea02-aa866e7a0e16}.Debug|Any CPU.ActiveCfg = Debug|Any CPU
		{96cd8de7-2cee-9654-ea02-aa866e7a0e16}.Debug|Any CPU.Build.0 = Debug|Any CPU
		{b3233339-3fd7-b690-356a-510926ebe7d0}.Debug|Any CPU.ActiveCfg = Debug|Any CPU
		{b3233339-3fd7-b690-356a-510926ebe7d0}.Debug|Any CPU.Build.0 = Debug|Any CPU
		{815736b0-9bbf-9a69-861f-1412f072152e}.Debug|Any CPU.ActiveCfg = Debug|Any CPU
		{815736b0-9bbf-9a69-861f-1412f072152e}.Debug|Any CPU.Build.0 = Debug|Any CPU
		{4500cfa8-459f-b762-515d-6ec462b6cba6}.Debug|Any CPU.ActiveCfg = Debug|Any CPU
		{4500cfa8-459f-b762-515d-6ec462b6cba6}.Debug|Any CPU.Build.0 = Debug|Any CPU
		{573a35ee-fbfb-906f-146d-708fb0571431}.Debug|Any CPU.ActiveCfg = Debug|Any CPU
		{573a35ee-fbfb-906f-146d-708fb0571431}.Debug|Any CPU.Build.0 = Debug|Any CPU
		{ff76968f-1a4b-c954-3817-dcd0f2a9f04b}.Debug|Any CPU.ActiveCfg = Debug|Any CPU
		{ff76968f-1a4b-c954-3817-dcd0f2a9f04b}.Debug|Any CPU.Build.0 = Debug|Any CPU
		{884fffb5-e368-42b9-918a-39acc6cdb422}.Debug|Any CPU.ActiveCfg = Debug|Any CPU
		{884fffb5-e368-42b9-918a-39acc6cdb422}.Debug|Any CPU.Build.0 = Debug|Any CPU
		{ef896b2b-1177-d9fb-e111-98431e793c34}.Debug|Any CPU.ActiveCfg = Debug|Any CPU
		{ef896b2b-1177-d9fb-e111-98431e793c34}.Debug|Any CPU.Build.0 = Debug|Any CPU
		{e58b62f3-2b6b-8c8f-74e5-431a1b86ce41}.Debug|Any CPU.ActiveCfg = Debug|Any CPU
		{e58b62f3-2b6b-8c8f-74e5-431a1b86ce41}.Debug|Any CPU.Build.0 = Debug|Any CPU
		{31d58412-0676-5b75-3671-a05345e93f1f}.Debug|Any CPU.ActiveCfg = Debug|Any CPU
		{31d58412-0676-5b75-3671-a05345e93f1f}.Debug|Any CPU.Build.0 = Debug|Any CPU
		{6432e255-a220-140a-6a71-57b635c0e27a}.Debug|Any CPU.ActiveCfg = Debug|Any CPU
		{6432e255-a220-140a-6a71-57b635c0e27a}.Debug|Any CPU.Build.0 = Debug|Any CPU
		{621f3ca4-a8ad-20a2-f138-10fd5fcd245b}.Debug|Any CPU.ActiveCfg = Debug|Any CPU
		{621f3ca4-a8ad-20a2-f138-10fd5fcd245b}.Debug|Any CPU.Build.0 = Debug|Any CPU
		{edcaef4f-6215-5557-d717-c1d2813e4a89}.Debug|Any CPU.ActiveCfg = Debug|Any CPU
		{edcaef4f-6215-5557-d717-c1d2813e4a89}.Debug|Any CPU.Build.0 = Debug|Any CPU
		{241894f2-0454-2a92-be9c-88c9e66e4540}.Debug|Any CPU.ActiveCfg = Debug|Any CPU
		{241894f2-0454-2a92-be9c-88c9e66e4540}.Debug|Any CPU.Build.0 = Debug|Any CPU
		{3ac4963a-fecd-faba-1392-56663bf49802}.Debug|Any CPU.ActiveCfg = Debug|Any CPU
		{3ac4963a-fecd-faba-1392-56663bf49802}.Debug|Any CPU.Build.0 = Debug|Any CPU
		{c3804df0-af93-02a7-80f1-00c7e83cba9d}.Debug|Any CPU.ActiveCfg = Debug|Any CPU
		{c3804df0-af93-02a7-80f1-00c7e83cba9d}.Debug|Any CPU.Build.0 = Debug|Any CPU
		{189862e0-2f29-be8a-78f0-3f9441f92834}.Debug|Any CPU.ActiveCfg = Debug|Any CPU
		{189862e0-2f29-be8a-78f0-3f9441f92834}.Debug|Any CPU.Build.0 = Debug|Any CPU
		{0159c379-87e1-b456-fbb3-e840b61ef14b}.Debug|Any CPU.ActiveCfg = Debug|Any CPU
		{0159c379-87e1-b456-fbb3-e840b61ef14b}.Debug|Any CPU.Build.0 = Debug|Any CPU
		{96539b8e-f83f-ec10-6a74-f47d6b6c59b3}.Debug|Any CPU.ActiveCfg = Debug|Any CPU
		{96539b8e-f83f-ec10-6a74-f47d6b6c59b3}.Debug|Any CPU.Build.0 = Debug|Any CPU
		{3ae023c8-9e05-2388-36c0-5f7ddafae4bc}.Debug|Any CPU.ActiveCfg = Debug|Any CPU
		{3ae023c8-9e05-2388-36c0-5f7ddafae4bc}.Debug|Any CPU.Build.0 = Debug|Any CPU
		{e232939c-3370-120e-b7c2-59b21c38e0c5}.Debug|Any CPU.ActiveCfg = Debug|Any CPU
		{e232939c-3370-120e-b7c2-59b21c38e0c5}.Debug|Any CPU.Build.0 = Debug|Any CPU
		{77406017-123d-d433-5f70-3d26355507b5}.Debug|Any CPU.ActiveCfg = Debug|Any CPU
		{77406017-123d-d433-5f70-3d26355507b5}.Debug|Any CPU.Build.0 = Debug|Any CPU
		{b9b6ad1e-55fa-844e-1aa7-baf4c61041c2}.Debug|Any CPU.ActiveCfg = Debug|Any CPU
		{b9b6ad1e-55fa-844e-1aa7-baf4c61041c2}.Debug|Any CPU.Build.0 = Debug|Any CPU
		{8967cc39-a627-ec15-cf7e-b987a8767790}.Debug|Any CPU.ActiveCfg = Debug|Any CPU
		{8967cc39-a627-ec15-cf7e-b987a8767790}.Debug|Any CPU.Build.0 = Debug|Any CPU
		{b05d64cf-7399-421b-6066-0637dbfa1627}.Debug|Any CPU.ActiveCfg = Debug|Any CPU
		{b05d64cf-7399-421b-6066-0637dbfa1627}.Debug|Any CPU.Build.0 = Debug|Any CPU
		{8fe9eb7c-c1db-180e-7af4-cecae43a513a}.Debug|Any CPU.ActiveCfg = Debug|Any CPU
		{8fe9eb7c-c1db-180e-7af4-cecae43a513a}.Debug|Any CPU.Build.0 = Debug|Any CPU
	EndGlobalSection
	GlobalSection(SolutionProperties) = preSolution
		HideSolutionNode = FALSE
	EndGlobalSection
EndGlobal
