
Microsoft Visual Studio Solution File, Format Version 12.00
# Visual Studio 15
Project("{FAE04EC0-301F-11D3-BF4B-00C04F79EFBC}") = "Assembly-CSharp", "Assembly-CSharp.csproj", "{2D162D27-1AE3-5F1E-EFDC-2FF176E75BE9}"
EndProject
Project("{FAE04EC0-301F-11D3-BF4B-00C04F79EFBC}") = "Assembly-CSharp-Editor", "Assembly-CSharp-Editor.csproj", "{9E5972AB-62CA-B864-18B5-3EBA668B12D4}"
EndProject
Global
	GlobalSection(SolutionConfigurationPlatforms) = preSolution
		Debug|Any CPU = Debug|Any CPU
		Release|Any CPU = Release|Any CPU
	EndGlobalSection
	GlobalSection(ProjectConfigurationPlatforms) = postSolution
		{2D162D27-1AE3-5F1E-EFDC-2FF176E75BE9}.Debug|Any CPU.ActiveCfg = Debug|Any CPU
		{2D162D27-1AE3-5F1E-EFDC-2FF176E75BE9}.Debug|Any CPU.Build.0 = Debug|Any CPU
		{2D162D27-1AE3-5F1E-EFDC-2FF176E75BE9}.Release|Any CPU.ActiveCfg = Release|Any CPU
		{2D162D27-1AE3-5F1E-EFDC-2FF176E75BE9}.Release|Any CPU.Build.0 = Release|Any CPU
		{9E5972AB-62CA-B864-18B5-3EBA668B12D4}.Debug|Any CPU.ActiveCfg = Debug|Any CPU
		{9E5972AB-62CA-B864-18B5-3EBA668B12D4}.Debug|Any CPU.Build.0 = Debug|Any CPU
		{9E5972AB-62CA-B864-18B5-3EBA668B12D4}.Release|Any CPU.ActiveCfg = Release|Any CPU
		{9E5972AB-62CA-B864-18B5-3EBA668B12D4}.Release|Any CPU.Build.0 = Release|Any CPU
	EndGlobalSection
	GlobalSection(SolutionProperties) = preSolution
		HideSolutionNode = FALSE
	EndGlobalSection
EndGlobal
